
Microsoft Visual Studio Solution File, Format Version 12.00
# Visual Studio Version 17
VisualStudioVersion = 17.14.36408.4 d17.14
MinimumVisualStudioVersion = 10.0.40219.1
Project("{FAE04EC0-301F-11D3-BF4B-00C04F79EFBC}") = "GameProg_SuperVirusLand_ZanderG", "GameProg_SuperVirusLand_ZanderG\GameProg_SuperVirusLand_ZanderG.csproj", "{0F3B7F3B-2D90-497A-8D62-78DF44A4106E}"
EndProject
Global
	GlobalSection(SolutionConfigurationPlatforms) = preSolution
		Debug|Any CPU = Debug|Any CPU
		Release|Any CPU = Release|Any CPU
	EndGlobalSection
	GlobalSection(ProjectConfigurationPlatforms) = postSolution
		{0F3B7F3B-2D90-497A-8D62-78DF44A4106E}.Debug|Any CPU.ActiveCfg = Debug|Any CPU
		{0F3B7F3B-2D90-497A-8D62-78DF44A4106E}.Debug|Any CPU.Build.0 = Debug|Any CPU
		{0F3B7F3B-2D90-497A-8D62-78DF44A4106E}.Release|Any CPU.ActiveCfg = Release|Any CPU
		{0F3B7F3B-2D90-497A-8D62-78DF44A4106E}.Release|Any CPU.Build.0 = Release|Any CPU
	EndGlobalSection
	GlobalSection(SolutionProperties) = preSolution
		HideSolutionNode = FALSE
	EndGlobalSection
	GlobalSection(ExtensibilityGlobals) = postSolution
		SolutionGuid = {6B9BFCA9-5873-4355-9639-176335A66EF1}
	EndGlobalSection
EndGlobal
